// !$*UTF8*$!
{
	archiveVersion = 1;
	classes = {
	};
	objectVersion = 46;
	objects = {

/* Begin PBXBuildFile section */
		A4AE6DB7076A11BE51D1CB2B /* Pods_In_Air.framework in Frameworks */ = {isa = PBXBuildFile; fileRef = DCB45C7729B6E3E8B7582F85 /* Pods_In_Air.framework */; };
		E01456371E847842004AD980 /* Modern Sans.otf in Resources */ = {isa = PBXBuildFile; fileRef = E01456361E847842004AD980 /* Modern Sans.otf */; };
		E01E13EE1E7AD5B300CBE950 /* AppDelegate.swift in Sources */ = {isa = PBXBuildFile; fileRef = E01E13ED1E7AD5B300CBE950 /* AppDelegate.swift */; };
		E01E13F31E7AD5B300CBE950 /* Main.storyboard in Resources */ = {isa = PBXBuildFile; fileRef = E01E13F11E7AD5B300CBE950 /* Main.storyboard */; };
		E01E13F51E7AD5B300CBE950 /* Assets.xcassets in Resources */ = {isa = PBXBuildFile; fileRef = E01E13F41E7AD5B300CBE950 /* Assets.xcassets */; };
		E01E13F81E7AD5B300CBE950 /* LaunchScreen.storyboard in Resources */ = {isa = PBXBuildFile; fileRef = E01E13F61E7AD5B300CBE950 /* LaunchScreen.storyboard */; };
		E036065C1E8545D800F1500F /* MainViewController.swift in Sources */ = {isa = PBXBuildFile; fileRef = E036065A1E8545D800F1500F /* MainViewController.swift */; };
		E036065D1E8545D800F1500F /* MainViewController.xib in Resources */ = {isa = PBXBuildFile; fileRef = E036065B1E8545D800F1500F /* MainViewController.xib */; };
		E03D44651E88765D00B77DFC /* Notification.swift in Sources */ = {isa = PBXBuildFile; fileRef = E03D44641E88765D00B77DFC /* Notification.swift */; };
		E040FB881E8B011B0054BB72 /* UINavigationBar.swift in Sources */ = {isa = PBXBuildFile; fileRef = E040FB871E8B011B0054BB72 /* UINavigationBar.swift */; };
		E043BAB91E7B2C08002D7298 /* Airport.swift in Sources */ = {isa = PBXBuildFile; fileRef = E043BAB81E7B2C08002D7298 /* Airport.swift */; };
		E043BABB1E7B3027002D7298 /* Continent.swift in Sources */ = {isa = PBXBuildFile; fileRef = E043BABA1E7B3027002D7298 /* Continent.swift */; };
		E043BABD1E7B314F002D7298 /* Music.swift in Sources */ = {isa = PBXBuildFile; fileRef = E043BABC1E7B314F002D7298 /* Music.swift */; };
		E043BABF1E7B3246002D7298 /* Group.swift in Sources */ = {isa = PBXBuildFile; fileRef = E043BABE1E7B3246002D7298 /* Group.swift */; };
		E043BACC1E7B4D9A002D7298 /* Colors.swift in Sources */ = {isa = PBXBuildFile; fileRef = E043BACB1E7B4D9A002D7298 /* Colors.swift */; };
		E043BACE1E7B4EBC002D7298 /* Colors.plist in Resources */ = {isa = PBXBuildFile; fileRef = E043BACD1E7B4EBC002D7298 /* Colors.plist */; };
		E043BAD11E7B5992002D7298 /* ThemeManager.swift in Sources */ = {isa = PBXBuildFile; fileRef = E043BAD01E7B5992002D7298 /* ThemeManager.swift */; };
		E043BAD41E7B5B02002D7298 /* Player.swift in Sources */ = {isa = PBXBuildFile; fileRef = E043BAD31E7B5B02002D7298 /* Player.swift */; };
		E06CD2281E89303300199467 /* UISearchBar.swift in Sources */ = {isa = PBXBuildFile; fileRef = E06CD2271E89303300199467 /* UISearchBar.swift */; };
		E09D32181E8990E6000D9C82 /* ContinentCollectionViewCell.swift in Sources */ = {isa = PBXBuildFile; fileRef = E09D32161E8990E6000D9C82 /* ContinentCollectionViewCell.swift */; };
		E09D32191E8990E6000D9C82 /* ContinentCollectionViewCell.xib in Resources */ = {isa = PBXBuildFile; fileRef = E09D32171E8990E6000D9C82 /* ContinentCollectionViewCell.xib */; };
		E09D321B1E89926A000D9C82 /* UICollectionView.swift in Sources */ = {isa = PBXBuildFile; fileRef = E09D321A1E89926A000D9C82 /* UICollectionView.swift */; };
		E0BA74CD1E7EC46000A1C830 /* UIImage.swift in Sources */ = {isa = PBXBuildFile; fileRef = E0BA74CC1E7EC46000A1C830 /* UIImage.swift */; };
		E0BA74D21E7EE00E00A1C830 /* UIView.swift in Sources */ = {isa = PBXBuildFile; fileRef = E0BA74D11E7EE00E00A1C830 /* UIView.swift */; };
		E0BA74D41E7EE81400A1C830 /* UIViewController.swift in Sources */ = {isa = PBXBuildFile; fileRef = E0BA74D31E7EE81400A1C830 /* UIViewController.swift */; };
		E0BA74D61E7EE88600A1C830 /* Podfile in Resources */ = {isa = PBXBuildFile; fileRef = E0BA74D51E7EE88600A1C830 /* Podfile */; };
		E0BA74E21E7EF72200A1C830 /* DataManager.swift in Sources */ = {isa = PBXBuildFile; fileRef = E0BA74E11E7EF72200A1C830 /* DataManager.swift */; };
		E0BA74E41E7EF95000A1C830 /* airports.json in Resources */ = {isa = PBXBuildFile; fileRef = E0BA74E31E7EF95000A1C830 /* airports.json */; };
		E0D2E4DC1E87D1CF000D6D1D /* AirportTableViewCell.swift in Sources */ = {isa = PBXBuildFile; fileRef = E0D2E4DA1E87D1CF000D6D1D /* AirportTableViewCell.swift */; };
		E0D2E4DD1E87D1CF000D6D1D /* AirportTableViewCell.xib in Resources */ = {isa = PBXBuildFile; fileRef = E0D2E4DB1E87D1CF000D6D1D /* AirportTableViewCell.xib */; };
		E0D2E4DF1E87D53A000D6D1D /* UITableView.swift in Sources */ = {isa = PBXBuildFile; fileRef = E0D2E4DE1E87D53A000D6D1D /* UITableView.swift */; };
		E0D2E4E11E87D6D1000D6D1D /* General.swift in Sources */ = {isa = PBXBuildFile; fileRef = E0D2E4E01E87D6D1000D6D1D /* General.swift */; };
		E0D2E4E31E880119000D6D1D /* PlayerView.swift in Sources */ = {isa = PBXBuildFile; fileRef = E0D2E4E21E880119000D6D1D /* PlayerView.swift */; };
		E0D2E4E51E880151000D6D1D /* PlayerView.xib in Resources */ = {isa = PBXBuildFile; fileRef = E0D2E4E41E880151000D6D1D /* PlayerView.xib */; };
		E0D2E4E81E880C27000D6D1D /* AudioEqualizer.swift in Sources */ = {isa = PBXBuildFile; fileRef = E0D2E4E71E880C27000D6D1D /* AudioEqualizer.swift */; };
		E0E1D1D31E8BD48A00B5B94B /* AirportPreviewViewController.swift in Sources */ = {isa = PBXBuildFile; fileRef = E0E1D1D11E8BD48A00B5B94B /* AirportPreviewViewController.swift */; };
		E0E1D1D41E8BD48A00B5B94B /* AirportPreviewViewController.xib in Resources */ = {isa = PBXBuildFile; fileRef = E0E1D1D21E8BD48A00B5B94B /* AirportPreviewViewController.xib */; };
		E0E1D1D81E8BEA7000B5B94B /* WeatherManager.swift in Sources */ = {isa = PBXBuildFile; fileRef = E0E1D1D71E8BEA7000B5B94B /* WeatherManager.swift */; };
/* End PBXBuildFile section */

/* Begin PBXFileReference section */
		5DE75C350D473CF3251B6A86 /* Pods_Clouds.framework */ = {isa = PBXFileReference; explicitFileType = wrapper.framework; includeInIndex = 0; path = Pods_Clouds.framework; sourceTree = BUILT_PRODUCTS_DIR; };
		8DF07954CBD5BA2139BA9199 /* Pods-Clouds.release.xcconfig */ = {isa = PBXFileReference; includeInIndex = 1; lastKnownFileType = text.xcconfig; name = "Pods-Clouds.release.xcconfig"; path = "Pods/Target Support Files/Pods-Clouds/Pods-Clouds.release.xcconfig"; sourceTree = "<group>"; };
		C07C07AD7ED49FF37C61D039 /* Pods-In Air.debug.xcconfig */ = {isa = PBXFileReference; includeInIndex = 1; lastKnownFileType = text.xcconfig; name = "Pods-In Air.debug.xcconfig"; path = "Pods/Target Support Files/Pods-In Air/Pods-In Air.debug.xcconfig"; sourceTree = "<group>"; };
		C6B134C682EB39A56F8F1A1F /* Pods-In Air.release.xcconfig */ = {isa = PBXFileReference; includeInIndex = 1; lastKnownFileType = text.xcconfig; name = "Pods-In Air.release.xcconfig"; path = "Pods/Target Support Files/Pods-In Air/Pods-In Air.release.xcconfig"; sourceTree = "<group>"; };
		DCB45C7729B6E3E8B7582F85 /* Pods_In_Air.framework */ = {isa = PBXFileReference; explicitFileType = wrapper.framework; includeInIndex = 0; path = Pods_In_Air.framework; sourceTree = BUILT_PRODUCTS_DIR; };
		E01456361E847842004AD980 /* Modern Sans.otf */ = {isa = PBXFileReference; lastKnownFileType = file; path = "Modern Sans.otf"; sourceTree = "<group>"; };
		E01E13EA1E7AD5B300CBE950 /* In Air.app */ = {isa = PBXFileReference; explicitFileType = wrapper.application; includeInIndex = 0; path = "In Air.app"; sourceTree = BUILT_PRODUCTS_DIR; };
		E01E13ED1E7AD5B300CBE950 /* AppDelegate.swift */ = {isa = PBXFileReference; lastKnownFileType = sourcecode.swift; path = AppDelegate.swift; sourceTree = "<group>"; };
		E01E13F21E7AD5B300CBE950 /* Base */ = {isa = PBXFileReference; lastKnownFileType = file.storyboard; name = Base; path = Base.lproj/Main.storyboard; sourceTree = "<group>"; };
		E01E13F41E7AD5B300CBE950 /* Assets.xcassets */ = {isa = PBXFileReference; lastKnownFileType = folder.assetcatalog; path = Assets.xcassets; sourceTree = "<group>"; };
		E01E13F71E7AD5B300CBE950 /* Base */ = {isa = PBXFileReference; lastKnownFileType = file.storyboard; name = Base; path = Base.lproj/LaunchScreen.storyboard; sourceTree = "<group>"; };
		E01E13F91E7AD5B300CBE950 /* Info.plist */ = {isa = PBXFileReference; lastKnownFileType = text.plist.xml; path = Info.plist; sourceTree = "<group>"; };
		E036065A1E8545D800F1500F /* MainViewController.swift */ = {isa = PBXFileReference; fileEncoding = 4; lastKnownFileType = sourcecode.swift; path = MainViewController.swift; sourceTree = "<group>"; };
		E036065B1E8545D800F1500F /* MainViewController.xib */ = {isa = PBXFileReference; fileEncoding = 4; lastKnownFileType = file.xib; path = MainViewController.xib; sourceTree = "<group>"; };
		E03D44641E88765D00B77DFC /* Notification.swift */ = {isa = PBXFileReference; fileEncoding = 4; lastKnownFileType = sourcecode.swift; path = Notification.swift; sourceTree = "<group>"; };
		E040FB871E8B011B0054BB72 /* UINavigationBar.swift */ = {isa = PBXFileReference; fileEncoding = 4; lastKnownFileType = sourcecode.swift; path = UINavigationBar.swift; sourceTree = "<group>"; };
		E043BAB81E7B2C08002D7298 /* Airport.swift */ = {isa = PBXFileReference; fileEncoding = 4; lastKnownFileType = sourcecode.swift; path = Airport.swift; sourceTree = "<group>"; };
		E043BABA1E7B3027002D7298 /* Continent.swift */ = {isa = PBXFileReference; fileEncoding = 4; lastKnownFileType = sourcecode.swift; path = Continent.swift; sourceTree = "<group>"; };
		E043BABC1E7B314F002D7298 /* Music.swift */ = {isa = PBXFileReference; fileEncoding = 4; lastKnownFileType = sourcecode.swift; path = Music.swift; sourceTree = "<group>"; };
		E043BABE1E7B3246002D7298 /* Group.swift */ = {isa = PBXFileReference; fileEncoding = 4; lastKnownFileType = sourcecode.swift; path = Group.swift; sourceTree = "<group>"; };
		E043BACB1E7B4D9A002D7298 /* Colors.swift */ = {isa = PBXFileReference; fileEncoding = 4; lastKnownFileType = sourcecode.swift; path = Colors.swift; sourceTree = "<group>"; };
		E043BACD1E7B4EBC002D7298 /* Colors.plist */ = {isa = PBXFileReference; fileEncoding = 4; lastKnownFileType = text.plist.xml; path = Colors.plist; sourceTree = "<group>"; };
		E043BAD01E7B5992002D7298 /* ThemeManager.swift */ = {isa = PBXFileReference; fileEncoding = 4; lastKnownFileType = sourcecode.swift; path = ThemeManager.swift; sourceTree = "<group>"; };
		E043BAD31E7B5B02002D7298 /* Player.swift */ = {isa = PBXFileReference; fileEncoding = 4; lastKnownFileType = sourcecode.swift; path = Player.swift; sourceTree = "<group>"; };
		E06CD2271E89303300199467 /* UISearchBar.swift */ = {isa = PBXFileReference; fileEncoding = 4; lastKnownFileType = sourcecode.swift; path = UISearchBar.swift; sourceTree = "<group>"; };
		E09D32161E8990E6000D9C82 /* ContinentCollectionViewCell.swift */ = {isa = PBXFileReference; fileEncoding = 4; lastKnownFileType = sourcecode.swift; path = ContinentCollectionViewCell.swift; sourceTree = "<group>"; };
		E09D32171E8990E6000D9C82 /* ContinentCollectionViewCell.xib */ = {isa = PBXFileReference; fileEncoding = 4; lastKnownFileType = file.xib; path = ContinentCollectionViewCell.xib; sourceTree = "<group>"; };
		E09D321A1E89926A000D9C82 /* UICollectionView.swift */ = {isa = PBXFileReference; fileEncoding = 4; lastKnownFileType = sourcecode.swift; path = UICollectionView.swift; sourceTree = "<group>"; };
		E0BA74CC1E7EC46000A1C830 /* UIImage.swift */ = {isa = PBXFileReference; fileEncoding = 4; lastKnownFileType = sourcecode.swift; path = UIImage.swift; sourceTree = "<group>"; };
		E0BA74D11E7EE00E00A1C830 /* UIView.swift */ = {isa = PBXFileReference; fileEncoding = 4; lastKnownFileType = sourcecode.swift; path = UIView.swift; sourceTree = "<group>"; };
		E0BA74D31E7EE81400A1C830 /* UIViewController.swift */ = {isa = PBXFileReference; fileEncoding = 4; lastKnownFileType = sourcecode.swift; path = UIViewController.swift; sourceTree = "<group>"; };
		E0BA74D51E7EE88600A1C830 /* Podfile */ = {isa = PBXFileReference; fileEncoding = 4; lastKnownFileType = text; path = Podfile; sourceTree = "<group>"; xcLanguageSpecificationIdentifier = xcode.lang.ruby; };
		E0BA74E11E7EF72200A1C830 /* DataManager.swift */ = {isa = PBXFileReference; fileEncoding = 4; lastKnownFileType = sourcecode.swift; path = DataManager.swift; sourceTree = "<group>"; };
		E0BA74E31E7EF95000A1C830 /* airports.json */ = {isa = PBXFileReference; explicitFileType = text.json; fileEncoding = 4; path = airports.json; sourceTree = "<group>"; };
		E0D2E4DA1E87D1CF000D6D1D /* AirportTableViewCell.swift */ = {isa = PBXFileReference; fileEncoding = 4; lastKnownFileType = sourcecode.swift; path = AirportTableViewCell.swift; sourceTree = "<group>"; };
		E0D2E4DB1E87D1CF000D6D1D /* AirportTableViewCell.xib */ = {isa = PBXFileReference; fileEncoding = 4; lastKnownFileType = file.xib; path = AirportTableViewCell.xib; sourceTree = "<group>"; };
		E0D2E4DE1E87D53A000D6D1D /* UITableView.swift */ = {isa = PBXFileReference; fileEncoding = 4; lastKnownFileType = sourcecode.swift; path = UITableView.swift; sourceTree = "<group>"; };
		E0D2E4E01E87D6D1000D6D1D /* General.swift */ = {isa = PBXFileReference; fileEncoding = 4; lastKnownFileType = sourcecode.swift; path = General.swift; sourceTree = "<group>"; };
		E0D2E4E21E880119000D6D1D /* PlayerView.swift */ = {isa = PBXFileReference; fileEncoding = 4; lastKnownFileType = sourcecode.swift; path = PlayerView.swift; sourceTree = "<group>"; };
		E0D2E4E41E880151000D6D1D /* PlayerView.xib */ = {isa = PBXFileReference; fileEncoding = 4; lastKnownFileType = file.xib; path = PlayerView.xib; sourceTree = "<group>"; };
		E0D2E4E71E880C27000D6D1D /* AudioEqualizer.swift */ = {isa = PBXFileReference; fileEncoding = 4; lastKnownFileType = sourcecode.swift; path = AudioEqualizer.swift; sourceTree = "<group>"; };
		E0E1D1D11E8BD48A00B5B94B /* AirportPreviewViewController.swift */ = {isa = PBXFileReference; fileEncoding = 4; lastKnownFileType = sourcecode.swift; path = AirportPreviewViewController.swift; sourceTree = "<group>"; };
		E0E1D1D21E8BD48A00B5B94B /* AirportPreviewViewController.xib */ = {isa = PBXFileReference; fileEncoding = 4; lastKnownFileType = file.xib; path = AirportPreviewViewController.xib; sourceTree = "<group>"; };
		E0E1D1D71E8BEA7000B5B94B /* WeatherManager.swift */ = {isa = PBXFileReference; fileEncoding = 4; lastKnownFileType = sourcecode.swift; path = WeatherManager.swift; sourceTree = "<group>"; };
		F1C5965BD6B3520E5EC44CF9 /* Pods-Clouds.debug.xcconfig */ = {isa = PBXFileReference; includeInIndex = 1; lastKnownFileType = text.xcconfig; name = "Pods-Clouds.debug.xcconfig"; path = "Pods/Target Support Files/Pods-Clouds/Pods-Clouds.debug.xcconfig"; sourceTree = "<group>"; };
/* End PBXFileReference section */

/* Begin PBXFrameworksBuildPhase section */
		E01E13E71E7AD5B300CBE950 /* Frameworks */ = {
			isa = PBXFrameworksBuildPhase;
			buildActionMask = 2147483647;
			files = (
				A4AE6DB7076A11BE51D1CB2B /* Pods_In_Air.framework in Frameworks */,
			);
			runOnlyForDeploymentPostprocessing = 0;
		};
/* End PBXFrameworksBuildPhase section */

/* Begin PBXGroup section */
		0CDC39869EDE88457A053D27 /* Pods */ = {
			isa = PBXGroup;
			children = (
				F1C5965BD6B3520E5EC44CF9 /* Pods-Clouds.debug.xcconfig */,
				8DF07954CBD5BA2139BA9199 /* Pods-Clouds.release.xcconfig */,
				C07C07AD7ED49FF37C61D039 /* Pods-In Air.debug.xcconfig */,
				C6B134C682EB39A56F8F1A1F /* Pods-In Air.release.xcconfig */,
			);
			name = Pods;
			sourceTree = "<group>";
		};
		E01456331E8475CD004AD980 /* Fonts */ = {
			isa = PBXGroup;
			children = (
				E01456361E847842004AD980 /* Modern Sans.otf */,
			);
			path = Fonts;
			sourceTree = "<group>";
		};
		E01E13E11E7AD5B300CBE950 = {
			isa = PBXGroup;
			children = (
				ED10B1FF870DCFD3DFEF3432 /* Frameworks */,
				E01E13EC1E7AD5B300CBE950 /* In Air */,
				0CDC39869EDE88457A053D27 /* Pods */,
				E01E13EB1E7AD5B300CBE950 /* Products */,
				E0BA74D51E7EE88600A1C830 /* Podfile */,
			);
			sourceTree = "<group>";
		};
		E01E13EB1E7AD5B300CBE950 /* Products */ = {
			isa = PBXGroup;
			children = (
				E01E13EA1E7AD5B300CBE950 /* In Air.app */,
			);
			name = Products;
			sourceTree = "<group>";
		};
		E01E13EC1E7AD5B300CBE950 /* In Air */ = {
			isa = PBXGroup;
			children = (
				E043BAC91E7B4D65002D7298 /* Resources */,
				E0BA74E61E7F30B800A1C830 /* Source */,
				E01E13F91E7AD5B300CBE950 /* Info.plist */,
			);
			path = "In Air";
			sourceTree = "<group>";
		};
		E043BAAD1E7B27BD002D7298 /* Cells */ = {
			isa = PBXGroup;
			children = (
				E0D2E4DA1E87D1CF000D6D1D /* AirportTableViewCell.swift */,
				E0D2E4DB1E87D1CF000D6D1D /* AirportTableViewCell.xib */,
				E09D32161E8990E6000D9C82 /* ContinentCollectionViewCell.swift */,
				E09D32171E8990E6000D9C82 /* ContinentCollectionViewCell.xib */,
			);
			path = Cells;
			sourceTree = "<group>";
		};
		E043BAB61E7B2AA7002D7298 /* Core */ = {
			isa = PBXGroup;
			children = (
				E043BAB71E7B2AB7002D7298 /* Objects */,
				E0BA74E11E7EF72200A1C830 /* DataManager.swift */,
				E0BA74E31E7EF95000A1C830 /* airports.json */,
			);
			path = Core;
			sourceTree = "<group>";
		};
		E043BAB71E7B2AB7002D7298 /* Objects */ = {
			isa = PBXGroup;
			children = (
				E043BAB81E7B2C08002D7298 /* Airport.swift */,
				E043BABA1E7B3027002D7298 /* Continent.swift */,
				E043BABE1E7B3246002D7298 /* Group.swift */,
				E043BABC1E7B314F002D7298 /* Music.swift */,
			);
			path = Objects;
			sourceTree = "<group>";
		};
		E043BAC51E7B3857002D7298 /* Helper */ = {
			isa = PBXGroup;
			children = (
				E0BA74D71E7EEAE300A1C830 /* Constant */,
				E043BAC61E7B3860002D7298 /* Extension */,
				E0D2E4E01E87D6D1000D6D1D /* General.swift */,
			);
			path = Helper;
			sourceTree = "<group>";
		};
		E043BAC61E7B3860002D7298 /* Extension */ = {
			isa = PBXGroup;
			children = (
				E0BA74CC1E7EC46000A1C830 /* UIImage.swift */,
				E0D2E4DE1E87D53A000D6D1D /* UITableView.swift */,
				E0BA74D11E7EE00E00A1C830 /* UIView.swift */,
				E0BA74D31E7EE81400A1C830 /* UIViewController.swift */,
				E03D44641E88765D00B77DFC /* Notification.swift */,
				E06CD2271E89303300199467 /* UISearchBar.swift */,
				E09D321A1E89926A000D9C82 /* UICollectionView.swift */,
				E040FB871E8B011B0054BB72 /* UINavigationBar.swift */,
			);
			path = Extension;
			sourceTree = "<group>";
		};
		E043BAC91E7B4D65002D7298 /* Resources */ = {
			isa = PBXGroup;
			children = (
				E043BACA1E7B4D7C002D7298 /* Color */,
				E01456331E8475CD004AD980 /* Fonts */,
				E0BA74E71E7F30CE00A1C830 /* Storyboard */,
				E01E13F41E7AD5B300CBE950 /* Assets.xcassets */,
			);
			path = Resources;
			sourceTree = "<group>";
		};
		E043BACA1E7B4D7C002D7298 /* Color */ = {
			isa = PBXGroup;
			children = (
				E043BACD1E7B4EBC002D7298 /* Colors.plist */,
				E043BACB1E7B4D9A002D7298 /* Colors.swift */,
				E043BAD01E7B5992002D7298 /* ThemeManager.swift */,
			);
			path = Color;
			sourceTree = "<group>";
		};
		E043BAD21E7B5AED002D7298 /* Player */ = {
			isa = PBXGroup;
			children = (
				E043BAD31E7B5B02002D7298 /* Player.swift */,
			);
			path = Player;
			sourceTree = "<group>";
		};
		E0BA74CE1E7EDD1500A1C830 /* View */ = {
			isa = PBXGroup;
			children = (
				E0D2E4E71E880C27000D6D1D /* AudioEqualizer.swift */,
				E0D2E4E21E880119000D6D1D /* PlayerView.swift */,
				E0D2E4E41E880151000D6D1D /* PlayerView.xib */,
			);
			path = View;
			sourceTree = "<group>";
		};
		E0BA74D71E7EEAE300A1C830 /* Constant */ = {
			isa = PBXGroup;
			children = (
			);
			path = Constant;
			sourceTree = "<group>";
		};
		E0BA74E61E7F30B800A1C830 /* Source */ = {
			isa = PBXGroup;
			children = (
				E0E1D1D51E8BEA4B00B5B94B /* API */,
				E043BAAD1E7B27BD002D7298 /* Cells */,
				E043BAB61E7B2AA7002D7298 /* Core */,
				E043BAC51E7B3857002D7298 /* Helper */,
				E043BAD21E7B5AED002D7298 /* Player */,
				E0BA74CE1E7EDD1500A1C830 /* View */,
				E0BA74E81E7F311900A1C830 /* ViewController */,
				E01E13ED1E7AD5B300CBE950 /* AppDelegate.swift */,
			);
			path = Source;
			sourceTree = "<group>";
		};
		E0BA74E71E7F30CE00A1C830 /* Storyboard */ = {
			isa = PBXGroup;
			children = (
				E01E13F61E7AD5B300CBE950 /* LaunchScreen.storyboard */,
				E01E13F11E7AD5B300CBE950 /* Main.storyboard */,
			);
			path = Storyboard;
			sourceTree = "<group>";
		};
		E0BA74E81E7F311900A1C830 /* ViewController */ = {
			isa = PBXGroup;
			children = (
				E0E1D1D01E8BD42B00B5B94B /* Airport */,
				E036065A1E8545D800F1500F /* MainViewController.swift */,
				E036065B1E8545D800F1500F /* MainViewController.xib */,
			);
			path = ViewController;
			sourceTree = "<group>";
		};
		E0E1D1D01E8BD42B00B5B94B /* Airport */ = {
			isa = PBXGroup;
			children = (
				E0E1D1D11E8BD48A00B5B94B /* AirportPreviewViewController.swift */,
				E0E1D1D21E8BD48A00B5B94B /* AirportPreviewViewController.xib */,
			);
			name = Airport;
			sourceTree = "<group>";
		};
		E0E1D1D51E8BEA4B00B5B94B /* API */ = {
			isa = PBXGroup;
			children = (
				E0E1D1D61E8BEA5900B5B94B /* Weather */,
			);
			name = API;
			sourceTree = "<group>";
		};
		E0E1D1D61E8BEA5900B5B94B /* Weather */ = {
			isa = PBXGroup;
			children = (
				E0E1D1D71E8BEA7000B5B94B /* WeatherManager.swift */,
			);
			name = Weather;
			sourceTree = "<group>";
		};
		ED10B1FF870DCFD3DFEF3432 /* Frameworks */ = {
			isa = PBXGroup;
			children = (
				5DE75C350D473CF3251B6A86 /* Pods_Clouds.framework */,
				DCB45C7729B6E3E8B7582F85 /* Pods_In_Air.framework */,
			);
			name = Frameworks;
			sourceTree = "<group>";
		};
/* End PBXGroup section */

/* Begin PBXNativeTarget section */
		E01E13E91E7AD5B300CBE950 /* In Air */ = {
			isa = PBXNativeTarget;
			buildConfigurationList = E01E13FC1E7AD5B300CBE950 /* Build configuration list for PBXNativeTarget "In Air" */;
			buildPhases = (
				260835BD10DBC0CFA590D54E /* [CP] Check Pods Manifest.lock */,
				E01E13E61E7AD5B300CBE950 /* Sources */,
				E01E13E71E7AD5B300CBE950 /* Frameworks */,
				E01E13E81E7AD5B300CBE950 /* Resources */,
				2F6BF619BCB311319D3FB916 /* [CP] Embed Pods Frameworks */,
				4ED0A2FA00204D370CB7D268 /* [CP] Copy Pods Resources */,
			);
			buildRules = (
			);
			dependencies = (
			);
			name = "In Air";
			productName = Clouds;
			productReference = E01E13EA1E7AD5B300CBE950 /* In Air.app */;
			productType = "com.apple.product-type.application";
		};
/* End PBXNativeTarget section */

/* Begin PBXProject section */
		E01E13E21E7AD5B300CBE950 /* Project object */ = {
			isa = PBXProject;
			attributes = {
				LastSwiftUpdateCheck = 0820;
				LastUpgradeCheck = 0830;
				ORGANIZATIONNAME = Bemaxnet;
				TargetAttributes = {
					E01E13E91E7AD5B300CBE950 = {
						CreatedOnToolsVersion = 8.2.1;
						DevelopmentTeam = J95NXUX723;
						ProvisioningStyle = Automatic;
						SystemCapabilities = {
							com.apple.BackgroundModes = {
								enabled = 1;
							};
						};
					};
				};
			};
			buildConfigurationList = E01E13E51E7AD5B300CBE950 /* Build configuration list for PBXProject "In Air" */;
			compatibilityVersion = "Xcode 3.2";
			developmentRegion = English;
			hasScannedForEncodings = 0;
			knownRegions = (
				en,
				Base,
			);
			mainGroup = E01E13E11E7AD5B300CBE950;
			productRefGroup = E01E13EB1E7AD5B300CBE950 /* Products */;
			projectDirPath = "";
			projectRoot = "";
			targets = (
				E01E13E91E7AD5B300CBE950 /* In Air */,
			);
		};
/* End PBXProject section */

/* Begin PBXResourcesBuildPhase section */
		E01E13E81E7AD5B300CBE950 /* Resources */ = {
			isa = PBXResourcesBuildPhase;
			buildActionMask = 2147483647;
			files = (
				E09D32191E8990E6000D9C82 /* ContinentCollectionViewCell.xib in Resources */,
				E0D2E4DD1E87D1CF000D6D1D /* AirportTableViewCell.xib in Resources */,
				E043BACE1E7B4EBC002D7298 /* Colors.plist in Resources */,
				E0BA74E41E7EF95000A1C830 /* airports.json in Resources */,
				E01E13F81E7AD5B300CBE950 /* LaunchScreen.storyboard in Resources */,
				E01456371E847842004AD980 /* Modern Sans.otf in Resources */,
				E01E13F51E7AD5B300CBE950 /* Assets.xcassets in Resources */,
				E01E13F31E7AD5B300CBE950 /* Main.storyboard in Resources */,
				E036065D1E8545D800F1500F /* MainViewController.xib in Resources */,
				E0BA74D61E7EE88600A1C830 /* Podfile in Resources */,
				E0E1D1D41E8BD48A00B5B94B /* AirportPreviewViewController.xib in Resources */,
				E0D2E4E51E880151000D6D1D /* PlayerView.xib in Resources */,
			);
			runOnlyForDeploymentPostprocessing = 0;
		};
/* End PBXResourcesBuildPhase section */

/* Begin PBXShellScriptBuildPhase section */
		260835BD10DBC0CFA590D54E /* [CP] Check Pods Manifest.lock */ = {
			isa = PBXShellScriptBuildPhase;
			buildActionMask = 2147483647;
			files = (
			);
			inputPaths = (
			);
			name = "[CP] Check Pods Manifest.lock";
			outputPaths = (
			);
			runOnlyForDeploymentPostprocessing = 0;
			shellPath = /bin/sh;
			shellScript = "diff \"${PODS_ROOT}/../Podfile.lock\" \"${PODS_ROOT}/Manifest.lock\" > /dev/null\nif [ $? != 0 ] ; then\n    # print error to STDERR\n    echo \"error: The sandbox is not in sync with the Podfile.lock. Run 'pod install' or update your CocoaPods installation.\" >&2\n    exit 1\nfi\n";
			showEnvVarsInLog = 0;
		};
		2F6BF619BCB311319D3FB916 /* [CP] Embed Pods Frameworks */ = {
			isa = PBXShellScriptBuildPhase;
			buildActionMask = 2147483647;
			files = (
			);
			inputPaths = (
			);
			name = "[CP] Embed Pods Frameworks";
			outputPaths = (
			);
			runOnlyForDeploymentPostprocessing = 0;
			shellPath = /bin/sh;
			shellScript = "\"${SRCROOT}/Pods/Target Support Files/Pods-In Air/Pods-In Air-frameworks.sh\"\n";
			showEnvVarsInLog = 0;
		};
		4ED0A2FA00204D370CB7D268 /* [CP] Copy Pods Resources */ = {
			isa = PBXShellScriptBuildPhase;
			buildActionMask = 2147483647;
			files = (
			);
			inputPaths = (
			);
			name = "[CP] Copy Pods Resources";
			outputPaths = (
			);
			runOnlyForDeploymentPostprocessing = 0;
			shellPath = /bin/sh;
			shellScript = "\"${SRCROOT}/Pods/Target Support Files/Pods-In Air/Pods-In Air-resources.sh\"\n";
			showEnvVarsInLog = 0;
		};
/* End PBXShellScriptBuildPhase section */

/* Begin PBXSourcesBuildPhase section */
		E01E13E61E7AD5B300CBE950 /* Sources */ = {
			isa = PBXSourcesBuildPhase;
			buildActionMask = 2147483647;
			files = (
				E043BACC1E7B4D9A002D7298 /* Colors.swift in Sources */,
				E043BABB1E7B3027002D7298 /* Continent.swift in Sources */,
				E043BAD41E7B5B02002D7298 /* Player.swift in Sources */,
				E0E1D1D31E8BD48A00B5B94B /* AirportPreviewViewController.swift in Sources */,
				E043BAB91E7B2C08002D7298 /* Airport.swift in Sources */,
				E043BABD1E7B314F002D7298 /* Music.swift in Sources */,
				E0D2E4E81E880C27000D6D1D /* AudioEqualizer.swift in Sources */,
				E0BA74E21E7EF72200A1C830 /* DataManager.swift in Sources */,
				E01E13EE1E7AD5B300CBE950 /* AppDelegate.swift in Sources */,
				E0BA74D21E7EE00E00A1C830 /* UIView.swift in Sources */,
				E06CD2281E89303300199467 /* UISearchBar.swift in Sources */,
				E09D32181E8990E6000D9C82 /* ContinentCollectionViewCell.swift in Sources */,
				E0E1D1D81E8BEA7000B5B94B /* WeatherManager.swift in Sources */,
				E0D2E4DC1E87D1CF000D6D1D /* AirportTableViewCell.swift in Sources */,
				E0D2E4E31E880119000D6D1D /* PlayerView.swift in Sources */,
				E043BABF1E7B3246002D7298 /* Group.swift in Sources */,
				E03D44651E88765D00B77DFC /* Notification.swift in Sources */,
				E0BA74CD1E7EC46000A1C830 /* UIImage.swift in Sources */,
				E036065C1E8545D800F1500F /* MainViewController.swift in Sources */,
				E040FB881E8B011B0054BB72 /* UINavigationBar.swift in Sources */,
				E0D2E4DF1E87D53A000D6D1D /* UITableView.swift in Sources */,
				E0BA74D41E7EE81400A1C830 /* UIViewController.swift in Sources */,
				E043BAD11E7B5992002D7298 /* ThemeManager.swift in Sources */,
				E09D321B1E89926A000D9C82 /* UICollectionView.swift in Sources */,
				E0D2E4E11E87D6D1000D6D1D /* General.swift in Sources */,
			);
			runOnlyForDeploymentPostprocessing = 0;
		};
/* End PBXSourcesBuildPhase section */

/* Begin PBXVariantGroup section */
		E01E13F11E7AD5B300CBE950 /* Main.storyboard */ = {
			isa = PBXVariantGroup;
			children = (
				E01E13F21E7AD5B300CBE950 /* Base */,
			);
			name = Main.storyboard;
			path = .;
			sourceTree = "<group>";
		};
		E01E13F61E7AD5B300CBE950 /* LaunchScreen.storyboard */ = {
			isa = PBXVariantGroup;
			children = (
				E01E13F71E7AD5B300CBE950 /* Base */,
			);
			name = LaunchScreen.storyboard;
			path = .;
			sourceTree = "<group>";
		};
/* End PBXVariantGroup section */

/* Begin XCBuildConfiguration section */
		E01E13FA1E7AD5B300CBE950 /* Debug */ = {
			isa = XCBuildConfiguration;
			buildSettings = {
				ALWAYS_SEARCH_USER_PATHS = NO;
				CLANG_ANALYZER_NONNULL = YES;
				CLANG_CXX_LANGUAGE_STANDARD = "gnu++0x";
				CLANG_CXX_LIBRARY = "libc++";
				CLANG_ENABLE_MODULES = YES;
				CLANG_ENABLE_OBJC_ARC = YES;
				CLANG_WARN_BOOL_CONVERSION = YES;
				CLANG_WARN_CONSTANT_CONVERSION = YES;
				CLANG_WARN_DIRECT_OBJC_ISA_USAGE = YES_ERROR;
				CLANG_WARN_DOCUMENTATION_COMMENTS = YES;
				CLANG_WARN_EMPTY_BODY = YES;
				CLANG_WARN_ENUM_CONVERSION = YES;
				CLANG_WARN_INFINITE_RECURSION = YES;
				CLANG_WARN_INT_CONVERSION = YES;
				CLANG_WARN_OBJC_ROOT_CLASS = YES_ERROR;
				CLANG_WARN_SUSPICIOUS_MOVE = YES;
				CLANG_WARN_UNREACHABLE_CODE = YES;
				CLANG_WARN__DUPLICATE_METHOD_MATCH = YES;
				"CODE_SIGN_IDENTITY[sdk=iphoneos*]" = "iPhone Developer";
				COPY_PHASE_STRIP = NO;
				DEBUG_INFORMATION_FORMAT = dwarf;
				ENABLE_STRICT_OBJC_MSGSEND = YES;
				ENABLE_TESTABILITY = YES;
				GCC_C_LANGUAGE_STANDARD = gnu99;
				GCC_DYNAMIC_NO_PIC = NO;
				GCC_NO_COMMON_BLOCKS = YES;
				GCC_OPTIMIZATION_LEVEL = 0;
				GCC_PREPROCESSOR_DEFINITIONS = (
					"DEBUG=1",
					"$(inherited)",
				);
				GCC_WARN_64_TO_32_BIT_CONVERSION = YES;
				GCC_WARN_ABOUT_RETURN_TYPE = YES_ERROR;
				GCC_WARN_UNDECLARED_SELECTOR = YES;
				GCC_WARN_UNINITIALIZED_AUTOS = YES_AGGRESSIVE;
				GCC_WARN_UNUSED_FUNCTION = YES;
				GCC_WARN_UNUSED_VARIABLE = YES;
				IPHONEOS_DEPLOYMENT_TARGET = 10.2;
				MTL_ENABLE_DEBUG_INFO = YES;
				ONLY_ACTIVE_ARCH = YES;
				SDKROOT = iphoneos;
				SWIFT_ACTIVE_COMPILATION_CONDITIONS = DEBUG;
				SWIFT_OPTIMIZATION_LEVEL = "-Onone";
				TARGETED_DEVICE_FAMILY = "1,2";
			};
			name = Debug;
		};
		E01E13FB1E7AD5B300CBE950 /* Release */ = {
			isa = XCBuildConfiguration;
			buildSettings = {
				ALWAYS_SEARCH_USER_PATHS = NO;
				CLANG_ANALYZER_NONNULL = YES;
				CLANG_CXX_LANGUAGE_STANDARD = "gnu++0x";
				CLANG_CXX_LIBRARY = "libc++";
				CLANG_ENABLE_MODULES = YES;
				CLANG_ENABLE_OBJC_ARC = YES;
				CLANG_WARN_BOOL_CONVERSION = YES;
				CLANG_WARN_CONSTANT_CONVERSION = YES;
				CLANG_WARN_DIRECT_OBJC_ISA_USAGE = YES_ERROR;
				CLANG_WARN_DOCUMENTATION_COMMENTS = YES;
				CLANG_WARN_EMPTY_BODY = YES;
				CLANG_WARN_ENUM_CONVERSION = YES;
				CLANG_WARN_INFINITE_RECURSION = YES;
				CLANG_WARN_INT_CONVERSION = YES;
				CLANG_WARN_OBJC_ROOT_CLASS = YES_ERROR;
				CLANG_WARN_SUSPICIOUS_MOVE = YES;
				CLANG_WARN_UNREACHABLE_CODE = YES;
				CLANG_WARN__DUPLICATE_METHOD_MATCH = YES;
				"CODE_SIGN_IDENTITY[sdk=iphoneos*]" = "iPhone Developer";
				COPY_PHASE_STRIP = NO;
				DEBUG_INFORMATION_FORMAT = "dwarf-with-dsym";
				ENABLE_NS_ASSERTIONS = NO;
				ENABLE_STRICT_OBJC_MSGSEND = YES;
				GCC_C_LANGUAGE_STANDARD = gnu99;
				GCC_NO_COMMON_BLOCKS = YES;
				GCC_WARN_64_TO_32_BIT_CONVERSION = YES;
				GCC_WARN_ABOUT_RETURN_TYPE = YES_ERROR;
				GCC_WARN_UNDECLARED_SELECTOR = YES;
				GCC_WARN_UNINITIALIZED_AUTOS = YES_AGGRESSIVE;
				GCC_WARN_UNUSED_FUNCTION = YES;
				GCC_WARN_UNUSED_VARIABLE = YES;
				IPHONEOS_DEPLOYMENT_TARGET = 10.2;
				MTL_ENABLE_DEBUG_INFO = NO;
				SDKROOT = iphoneos;
				SWIFT_OPTIMIZATION_LEVEL = "-Owholemodule";
				TARGETED_DEVICE_FAMILY = "1,2";
				VALIDATE_PRODUCT = YES;
			};
			name = Release;
		};
		E01E13FD1E7AD5B300CBE950 /* Debug */ = {
			isa = XCBuildConfiguration;
			baseConfigurationReference = C07C07AD7ED49FF37C61D039 /* Pods-In Air.debug.xcconfig */;
			buildSettings = {
				ALWAYS_EMBED_SWIFT_STANDARD_LIBRARIES = YES;
				ASSETCATALOG_COMPILER_APPICON_NAME = AppIcon;
				DEVELOPMENT_TEAM = J95NXUX723;
				INFOPLIST_FILE = "In Air/Info.plist";
				IPHONEOS_DEPLOYMENT_TARGET = 8.0;
				LD_RUNPATH_SEARCH_PATHS = "$(inherited) @executable_path/Frameworks";
				PRODUCT_BUNDLE_IDENTIFIER = "com.bemaxnet.in-air";
				PRODUCT_NAME = "$(TARGET_NAME)";
				SWIFT_VERSION = 3.0;
			};
			name = Debug;
		};
		E01E13FE1E7AD5B300CBE950 /* Release */ = {
			isa = XCBuildConfiguration;
			baseConfigurationReference = C6B134C682EB39A56F8F1A1F /* Pods-In Air.release.xcconfig */;
			buildSettings = {
				ALWAYS_EMBED_SWIFT_STANDARD_LIBRARIES = YES;
				ASSETCATALOG_COMPILER_APPICON_NAME = AppIcon;
				DEVELOPMENT_TEAM = J95NXUX723;
				INFOPLIST_FILE = "In Air/Info.plist";
				IPHONEOS_DEPLOYMENT_TARGET = 8.0;
				LD_RUNPATH_SEARCH_PATHS = "$(inherited) @executable_path/Frameworks";
				PRODUCT_BUNDLE_IDENTIFIER = "com.bemaxnet.in-air";
				PRODUCT_NAME = "$(TARGET_NAME)";
				SWIFT_VERSION = 3.0;
			};
			name = Release;
		};
/* End XCBuildConfiguration section */

/* Begin XCConfigurationList section */
		E01E13E51E7AD5B300CBE950 /* Build configuration list for PBXProject "In Air" */ = {
			isa = XCConfigurationList;
			buildConfigurations = (
				E01E13FA1E7AD5B300CBE950 /* Debug */,
				E01E13FB1E7AD5B300CBE950 /* Release */,
			);
			defaultConfigurationIsVisible = 0;
			defaultConfigurationName = Release;
		};
		E01E13FC1E7AD5B300CBE950 /* Build configuration list for PBXNativeTarget "In Air" */ = {
			isa = XCConfigurationList;
			buildConfigurations = (
				E01E13FD1E7AD5B300CBE950 /* Debug */,
				E01E13FE1E7AD5B300CBE950 /* Release */,
			);
			defaultConfigurationIsVisible = 0;
			defaultConfigurationName = Release;
		};
/* End XCConfigurationList section */
	};
	rootObject = E01E13E21E7AD5B300CBE950 /* Project object */;
}
